{
  "originHash" : "57ec188c78df19627889dae84b00733c04ccf22e5d9a85b87445fca89e6f0fa6",
  "pins" : [
    {
      "identity" : "miniz",
      "kind" : "remoteSourceControl",
      "location" : "https://github.com/omochi/miniz.git",
      "state" : {
        "branch" : "swiftpm",
        "revision" : "4ad1e832065b78a894c86660d48801cb92289abd"
      }
    },
    {
      "identity" : "openxlsx",
      "kind" : "remoteSourceControl",
      "location" : "https://github.com/omochi/OpenXLSX.git",
      "state" : {
        "branch" : "swiftpm",
        "revision" : "a5b0a280c6b418190a37515b2c7c5ca2fc1c7a03"
      }
    },
    {
      "identity" : "pugixml",
      "kind" : "remoteSourceControl",
      "location" : "https://github.com/omochi/pugixml.git",
      "state" : {
        "branch" : "swiftpm",
        "revision" : "c5138964e4ef740be2f7a91aeb49cffa06e1d5c1"
      }
    }
  ],
  "version" : 3
}
