{
  "originHash" : "42d827bf946b2ea6353f09ccbdb4caab5e68c79f39a69d361a50e7c3795e5a97",
  "pins" : [
    {
      "identity" : "openxlsx",
      "kind" : "remoteSourceControl",
      "location" : "https://github.com/omochi/OpenXLSX.git",
      "state" : {
        "branch" : "swiftpm",
        "revision" : "d2fe08fc44df5b1acbd5474538d35668bd72c1dc"
      }
    }
  ],
  "version" : 3
}
